// !$*UTF8*$!
{
	archiveVersion = 1;
	classes = {
	};
	objectVersion = 50;
	objects = {

/* Begin PBXBuildFile section */
		26FA4634214C161F0019ACF0 /* main.m in Sources */ = {isa = PBXBuildFile; fileRef = 26FA4633214C161F0019ACF0 /* main.m */; };
		26FA463F214C207D0019ACF0 /* PaypalPaymentService.m in Sources */ = {isa = PBXBuildFile; fileRef = 26FA463E214C207D0019ACF0 /* PaypalPaymentService.m */; };
		26FA4642214C20860019ACF0 /* StripePaymentService.m in Sources */ = {isa = PBXBuildFile; fileRef = 26FA4641214C20860019ACF0 /* StripePaymentService.m */; };
		26FA4645214C208D0019ACF0 /* AmazonPaymentService.m in Sources */ = {isa = PBXBuildFile; fileRef = 26FA4644214C208D0019ACF0 /* AmazonPaymentService.m */; };
		26FA4648214C31380019ACF0 /* ApplePaymentService.m in Sources */ = {isa = PBXBuildFile; fileRef = 26FA4647214C31380019ACF0 /* ApplePaymentService.m */; };
		26FA464B214C35A60019ACF0 /* PaymentGateway.m in Sources */ = {isa = PBXBuildFile; fileRef = 26FA464A214C35A60019ACF0 /* PaymentGateway.m */; };
/* End PBXBuildFile section */

/* Begin PBXCopyFilesBuildPhase section */
		26FA462E214C161F0019ACF0 /* CopyFiles */ = {
			isa = PBXCopyFilesBuildPhase;
			buildActionMask = 2147483647;
			dstPath = /usr/share/man/man1/;
			dstSubfolderSpec = 0;
			files = (
			);
			runOnlyForDeploymentPostprocessing = 1;
		};
/* End PBXCopyFilesBuildPhase section */

/* Begin PBXFileReference section */
		26FA4630214C161F0019ACF0 /* Payments */ = {isa = PBXFileReference; explicitFileType = "compiled.mach-o.executable"; includeInIndex = 0; path = Payments; sourceTree = BUILT_PRODUCTS_DIR; };
		26FA4633214C161F0019ACF0 /* main.m */ = {isa = PBXFileReference; lastKnownFileType = sourcecode.c.objc; path = main.m; sourceTree = "<group>"; };
		26FA463D214C207D0019ACF0 /* PaypalPaymentService.h */ = {isa = PBXFileReference; lastKnownFileType = sourcecode.c.h; path = PaypalPaymentService.h; sourceTree = "<group>"; };
		26FA463E214C207D0019ACF0 /* PaypalPaymentService.m */ = {isa = PBXFileReference; lastKnownFileType = sourcecode.c.objc; path = PaypalPaymentService.m; sourceTree = "<group>"; };
		26FA4640214C20860019ACF0 /* StripePaymentService.h */ = {isa = PBXFileReference; lastKnownFileType = sourcecode.c.h; path = StripePaymentService.h; sourceTree = "<group>"; };
		26FA4641214C20860019ACF0 /* StripePaymentService.m */ = {isa = PBXFileReference; lastKnownFileType = sourcecode.c.objc; path = StripePaymentService.m; sourceTree = "<group>"; };
		26FA4643214C208D0019ACF0 /* AmazonPaymentService.h */ = {isa = PBXFileReference; lastKnownFileType = sourcecode.c.h; path = AmazonPaymentService.h; sourceTree = "<group>"; };
		26FA4644214C208D0019ACF0 /* AmazonPaymentService.m */ = {isa = PBXFileReference; lastKnownFileType = sourcecode.c.objc; path = AmazonPaymentService.m; sourceTree = "<group>"; };
		26FA4646214C31380019ACF0 /* ApplePaymentService.h */ = {isa = PBXFileReference; lastKnownFileType = sourcecode.c.h; path = ApplePaymentService.h; sourceTree = "<group>"; };
		26FA4647214C31380019ACF0 /* ApplePaymentService.m */ = {isa = PBXFileReference; lastKnownFileType = sourcecode.c.objc; path = ApplePaymentService.m; sourceTree = "<group>"; };
		26FA4649214C35A60019ACF0 /* PaymentGateway.h */ = {isa = PBXFileReference; lastKnownFileType = sourcecode.c.h; path = PaymentGateway.h; sourceTree = "<group>"; };
		26FA464A214C35A60019ACF0 /* PaymentGateway.m */ = {isa = PBXFileReference; lastKnownFileType = sourcecode.c.objc; path = PaymentGateway.m; sourceTree = "<group>"; };
/* End PBXFileReference section */

/* Begin PBXFrameworksBuildPhase section */
		26FA462D214C161F0019ACF0 /* Frameworks */ = {
			isa = PBXFrameworksBuildPhase;
			buildActionMask = 2147483647;
			files = (
			);
			runOnlyForDeploymentPostprocessing = 0;
		};
/* End PBXFrameworksBuildPhase section */

/* Begin PBXGroup section */
		26FA4627214C161F0019ACF0 = {
			isa = PBXGroup;
			children = (
				26FA4632214C161F0019ACF0 /* Payments */,
				26FA4631214C161F0019ACF0 /* Products */,
			);
			sourceTree = "<group>";
		};
		26FA4631214C161F0019ACF0 /* Products */ = {
			isa = PBXGroup;
			children = (
				26FA4630214C161F0019ACF0 /* Payments */,
			);
			name = Products;
			sourceTree = "<group>";
		};
		26FA4632214C161F0019ACF0 /* Payments */ = {
			isa = PBXGroup;
			children = (
				26FA4633214C161F0019ACF0 /* main.m */,
				26FA463D214C207D0019ACF0 /* PaypalPaymentService.h */,
				26FA463E214C207D0019ACF0 /* PaypalPaymentService.m */,
				26FA4640214C20860019ACF0 /* StripePaymentService.h */,
				26FA4641214C20860019ACF0 /* StripePaymentService.m */,
				26FA4643214C208D0019ACF0 /* AmazonPaymentService.h */,
				26FA4644214C208D0019ACF0 /* AmazonPaymentService.m */,
				26FA4646214C31380019ACF0 /* ApplePaymentService.h */,
				26FA4647214C31380019ACF0 /* ApplePaymentService.m */,
				26FA4649214C35A60019ACF0 /* PaymentGateway.h */,
				26FA464A214C35A60019ACF0 /* PaymentGateway.m */,
			);
			path = Payments;
			sourceTree = "<group>";
		};
/* End PBXGroup section */

/* Begin PBXNativeTarget section */
		26FA462F214C161F0019ACF0 /* Payments */ = {
			isa = PBXNativeTarget;
			buildConfigurationList = 26FA4637214C161F0019ACF0 /* Build configuration list for PBXNativeTarget "Payments" */;
			buildPhases = (
				26FA462C214C161F0019ACF0 /* Sources */,
				26FA462D214C161F0019ACF0 /* Frameworks */,
				26FA462E214C161F0019ACF0 /* CopyFiles */,
			);
			buildRules = (
			);
			dependencies = (
			);
			name = Payments;
			productName = Payments;
			productReference = 26FA4630214C161F0019ACF0 /* Payments */;
			productType = "com.apple.product-type.tool";
		};
/* End PBXNativeTarget section */

/* Begin PBXProject section */
		26FA4628214C161F0019ACF0 /* Project object */ = {
			isa = PBXProject;
			attributes = {
				LastUpgradeCheck = 0940;
				ORGANIZATIONNAME = yoshizawarei;
				TargetAttributes = {
					26FA462F214C161F0019ACF0 = {
						CreatedOnToolsVersion = 9.4.1;
					};
				};
			};
			buildConfigurationList = 26FA462B214C161F0019ACF0 /* Build configuration list for PBXProject "Payments" */;
			compatibilityVersion = "Xcode 9.3";
			developmentRegion = en;
			hasScannedForEncodings = 0;
			knownRegions = (
				en,
			);
			mainGroup = 26FA4627214C161F0019ACF0;
			productRefGroup = 26FA4631214C161F0019ACF0 /* Products */;
			projectDirPath = "";
			projectRoot = "";
			targets = (
				26FA462F214C161F0019ACF0 /* Payments */,
			);
		};
/* End PBXProject section */

/* Begin PBXSourcesBuildPhase section */
		26FA462C214C161F0019ACF0 /* Sources */ = {
			isa = PBXSourcesBuildPhase;
			buildActionMask = 2147483647;
			files = (
				26FA4634214C161F0019ACF0 /* main.m in Sources */,
				26FA4645214C208D0019ACF0 /* AmazonPaymentService.m in Sources */,
				26FA4648214C31380019ACF0 /* ApplePaymentService.m in Sources */,
				26FA464B214C35A60019ACF0 /* PaymentGateway.m in Sources */,
				26FA463F214C207D0019ACF0 /* PaypalPaymentService.m in Sources */,
				26FA4642214C20860019ACF0 /* StripePaymentService.m in Sources */,
			);
			runOnlyForDeploymentPostprocessing = 0;
		};
/* End PBXSourcesBuildPhase section */

/* Begin XCBuildConfiguration section */
		26FA4635214C161F0019ACF0 /* Debug */ = {
			isa = XCBuildConfiguration;
			buildSettings = {
				ALWAYS_SEARCH_USER_PATHS = NO;
				CLANG_ANALYZER_NONNULL = YES;
				CLANG_ANALYZER_NUMBER_OBJECT_CONVERSION = YES_AGGRESSIVE;
				CLANG_CXX_LANGUAGE_STANDARD = "gnu++14";
				CLANG_CXX_LIBRARY = "libc++";
				CLANG_ENABLE_MODULES = YES;
				CLANG_ENABLE_OBJC_ARC = YES;
				CLANG_ENABLE_OBJC_WEAK = YES;
				CLANG_WARN_BLOCK_CAPTURE_AUTORELEASING = YES;
				CLANG_WARN_BOOL_CONVERSION = YES;
				CLANG_WARN_COMMA = YES;
				CLANG_WARN_CONSTANT_CONVERSION = YES;
				CLANG_WARN_DEPRECATED_OBJC_IMPLEMENTATIONS = YES;
				CLANG_WARN_DIRECT_OBJC_ISA_USAGE = YES_ERROR;
				CLANG_WARN_DOCUMENTATION_COMMENTS = YES;
				CLANG_WARN_EMPTY_BODY = YES;
				CLANG_WARN_ENUM_CONVERSION = YES;
				CLANG_WARN_INFINITE_RECURSION = YES;
				CLANG_WARN_INT_CONVERSION = YES;
				CLANG_WARN_NON_LITERAL_NULL_CONVERSION = YES;
				CLANG_WARN_OBJC_IMPLICIT_RETAIN_SELF = YES;
				CLANG_WARN_OBJC_LITERAL_CONVERSION = YES;
				CLANG_WARN_OBJC_ROOT_CLASS = YES_ERROR;
				CLANG_WARN_RANGE_LOOP_ANALYSIS = YES;
				CLANG_WARN_STRICT_PROTOTYPES = YES;
				CLANG_WARN_SUSPICIOUS_MOVE = YES;
				CLANG_WARN_UNGUARDED_AVAILABILITY = YES_AGGRESSIVE;
				CLANG_WARN_UNREACHABLE_CODE = YES;
				CLANG_WARN__DUPLICATE_METHOD_MATCH = YES;
				CODE_SIGN_IDENTITY = "-";
				COPY_PHASE_STRIP = NO;
				DEBUG_INFORMATION_FORMAT = dwarf;
				ENABLE_STRICT_OBJC_MSGSEND = YES;
				ENABLE_TESTABILITY = YES;
				GCC_C_LANGUAGE_STANDARD = gnu11;
				GCC_DYNAMIC_NO_PIC = NO;
				GCC_NO_COMMON_BLOCKS = YES;
				GCC_OPTIMIZATION_LEVEL = 0;
				GCC_PREPROCESSOR_DEFINITIONS = (
					"DEBUG=1",
					"$(inherited)",
				);
				GCC_WARN_64_TO_32_BIT_CONVERSION = YES;
				GCC_WARN_ABOUT_RETURN_TYPE = YES_ERROR;
				GCC_WARN_UNDECLARED_SELECTOR = YES;
				GCC_WARN_UNINITIALIZED_AUTOS = YES_AGGRESSIVE;
				GCC_WARN_UNUSED_FUNCTION = YES;
				GCC_WARN_UNUSED_VARIABLE = YES;
				MACOSX_DEPLOYMENT_TARGET = 10.13;
				MTL_ENABLE_DEBUG_INFO = YES;
				ONLY_ACTIVE_ARCH = YES;
				SDKROOT = macosx;
			};
			name = Debug;
		};
		26FA4636214C161F0019ACF0 /* Release */ = {
			isa = XCBuildConfiguration;
			buildSettings = {
				ALWAYS_SEARCH_USER_PATHS = NO;
				CLANG_ANALYZER_NONNULL = YES;
				CLANG_ANALYZER_NUMBER_OBJECT_CONVERSION = YES_AGGRESSIVE;
				CLANG_CXX_LANGUAGE_STANDARD = "gnu++14";
				CLANG_CXX_LIBRARY = "libc++";
				CLANG_ENABLE_MODULES = YES;
				CLANG_ENABLE_OBJC_ARC = YES;
				CLANG_ENABLE_OBJC_WEAK = YES;
				CLANG_WARN_BLOCK_CAPTURE_AUTORELEASING = YES;
				CLANG_WARN_BOOL_CONVERSION = YES;
				CLANG_WARN_COMMA = YES;
				CLANG_WARN_CONSTANT_CONVERSION = YES;
				CLANG_WARN_DEPRECATED_OBJC_IMPLEMENTATIONS = YES;
				CLANG_WARN_DIRECT_OBJC_ISA_USAGE = YES_ERROR;
				CLANG_WARN_DOCUMENTATION_COMMENTS = YES;
				CLANG_WARN_EMPTY_BODY = YES;
				CLANG_WARN_ENUM_CONVERSION = YES;
				CLANG_WARN_INFINITE_RECURSION = YES;
				CLANG_WARN_INT_CONVERSION = YES;
				CLANG_WARN_NON_LITERAL_NULL_CONVERSION = YES;
				CLANG_WARN_OBJC_IMPLICIT_RETAIN_SELF = YES;
				CLANG_WARN_OBJC_LITERAL_CONVERSION = YES;
				CLANG_WARN_OBJC_ROOT_CLASS = YES_ERROR;
				CLANG_WARN_RANGE_LOOP_ANALYSIS = YES;
				CLANG_WARN_STRICT_PROTOTYPES = YES;
				CLANG_WARN_SUSPICIOUS_MOVE = YES;
				CLANG_WARN_UNGUARDED_AVAILABILITY = YES_AGGRESSIVE;
				CLANG_WARN_UNREACHABLE_CODE = YES;
				CLANG_WARN__DUPLICATE_METHOD_MATCH = YES;
				CODE_SIGN_IDENTITY = "-";
				COPY_PHASE_STRIP = NO;
				DEBUG_INFORMATION_FORMAT = "dwarf-with-dsym";
				ENABLE_NS_ASSERTIONS = NO;
				ENABLE_STRICT_OBJC_MSGSEND = YES;
				GCC_C_LANGUAGE_STANDARD = gnu11;
				GCC_NO_COMMON_BLOCKS = YES;
				GCC_WARN_64_TO_32_BIT_CONVERSION = YES;
				GCC_WARN_ABOUT_RETURN_TYPE = YES_ERROR;
				GCC_WARN_UNDECLARED_SELECTOR = YES;
				GCC_WARN_UNINITIALIZED_AUTOS = YES_AGGRESSIVE;
				GCC_WARN_UNUSED_FUNCTION = YES;
				GCC_WARN_UNUSED_VARIABLE = YES;
				MACOSX_DEPLOYMENT_TARGET = 10.13;
				MTL_ENABLE_DEBUG_INFO = NO;
				SDKROOT = macosx;
			};
			name = Release;
		};
		26FA4638214C161F0019ACF0 /* Debug */ = {
			isa = XCBuildConfiguration;
			buildSettings = {
				CODE_SIGN_STYLE = Automatic;
				PRODUCT_NAME = "$(TARGET_NAME)";
			};
			name = Debug;
		};
		26FA4639214C161F0019ACF0 /* Release */ = {
			isa = XCBuildConfiguration;
			buildSettings = {
				CODE_SIGN_STYLE = Automatic;
				PRODUCT_NAME = "$(TARGET_NAME)";
			};
			name = Release;
		};
/* End XCBuildConfiguration section */

/* Begin XCConfigurationList section */
		26FA462B214C161F0019ACF0 /* Build configuration list for PBXProject "Payments" */ = {
			isa = XCConfigurationList;
			buildConfigurations = (
				26FA4635214C161F0019ACF0 /* Debug */,
				26FA4636214C161F0019ACF0 /* Release */,
			);
			defaultConfigurationIsVisible = 0;
			defaultConfigurationName = Release;
		};
		26FA4637214C161F0019ACF0 /* Build configuration list for PBXNativeTarget "Payments" */ = {
			isa = XCConfigurationList;
			buildConfigurations = (
				26FA4638214C161F0019ACF0 /* Debug */,
				26FA4639214C161F0019ACF0 /* Release */,
			);
			defaultConfigurationIsVisible = 0;
			defaultConfigurationName = Release;
		};
/* End XCConfigurationList section */
	};
	rootObject = 26FA4628214C161F0019ACF0 /* Project object */;
}
